
Microsoft Visual Studio Solution File, Format Version 12.00
# Visual Studio Version 16
VisualStudioVersion = 16.0.30011.22
MinimumVisualStudioVersion = 10.0.40219.1
Project("{F184B08F-C81C-45F6-A57F-5ABD9991F28F}") = "JqueryTemplate2", "JqueryTemplate2\JqueryTemplate2.vbproj", "{A72B5719-5049-4581-AE5C-0BD9710FCBFC}"
EndProject
Project("{FAE04EC0-301F-11D3-BF4B-00C04F79EFBC}") = "APIWebServices", "APIWebServices\APIWebServices.csproj", "{5953DB9F-30B3-44EA-BA76-A688A9193E18}"
EndProject
Global
	GlobalSection(SolutionConfigurationPlatforms) = preSolution
		Debug|Any CPU = Debug|Any CPU
		Release|Any CPU = Release|Any CPU
	EndGlobalSection
	GlobalSection(ProjectConfigurationPlatforms) = postSolution
		{A72B5719-5049-4581-AE5C-0BD9710FCBFC}.Debug|Any CPU.ActiveCfg = Debug|Any CPU
		{A72B5719-5049-4581-AE5C-0BD9710FCBFC}.Debug|Any CPU.Build.0 = Debug|Any CPU
		{A72B5719-5049-4581-AE5C-0BD9710FCBFC}.Release|Any CPU.ActiveCfg = Release|Any CPU
		{A72B5719-5049-4581-AE5C-0BD9710FCBFC}.Release|Any CPU.Build.0 = Release|Any CPU
		{5953DB9F-30B3-44EA-BA76-A688A9193E18}.Debug|Any CPU.ActiveCfg = Debug|Any CPU
		{5953DB9F-30B3-44EA-BA76-A688A9193E18}.Debug|Any CPU.Build.0 = Debug|Any CPU
		{5953DB9F-30B3-44EA-BA76-A688A9193E18}.Release|Any CPU.ActiveCfg = Release|Any CPU
		{5953DB9F-30B3-44EA-BA76-A688A9193E18}.Release|Any CPU.Build.0 = Release|Any CPU
	EndGlobalSection
	GlobalSection(SolutionProperties) = preSolution
		HideSolutionNode = FALSE
	EndGlobalSection
	GlobalSection(ExtensibilityGlobals) = postSolution
		SolutionGuid = {935F59B6-1661-424C-A7F0-0A22DEB689DB}
	EndGlobalSection
EndGlobal
